
Microsoft Visual Studio Solution File, Format Version 12.00
# Visual Studio Version 16
VisualStudioVersion = 16.0.30709.64
MinimumVisualStudioVersion = 10.0.40219.1
Project("{9A19103F-16F7-4668-BE54-9A1E7A4F7556}") = "Tncvd.Console.App", "..\Tncvd.Console.App\Tncvd.Console.App.csproj", "{E04BDEC2-18C8-460E-B986-470B5C2A87B3}"
EndProject
Project("{9A19103F-16F7-4668-BE54-9A1E7A4F7556}") = "Tncvd.Deps", "..\Tncvd.Deps\Tncvd.Deps.csproj", "{6232A280-834A-4D31-8B1E-F706C36FC40F}"
EndProject
Project("{9A19103F-16F7-4668-BE54-9A1E7A4F7556}") = "Tncvd.WinForms", "..\Tncvd.WinForms\Tncvd.WinForms.csproj", "{75F8C5EB-945A-451D-92EB-2D21EC9A0BB1}"
EndProject
Project("{9A19103F-16F7-4668-BE54-9A1E7A4F7556}") = "Tncvd", "Tncvd.csproj", "{61D43F9B-09D0-4745-80E9-F89C72DAF3D7}"
EndProject
Project("{9A19103F-16F7-4668-BE54-9A1E7A4F7556}") = "Tncvd.AppConfig", "..\Tncvd.AppConfig\Tncvd.AppConfig.csproj", "{A59CBCBC-029F-49C3-B6D4-43C501518BC3}"
EndProject
Project("{9A19103F-16F7-4668-BE54-9A1E7A4F7556}") = "Tncvd.Logging", "..\Tncvd.Logging\Tncvd.Logging.csproj", "{6CDD743F-735E-400B-95F6-D431B2090E3F}"
EndProject
Project("{9A19103F-16F7-4668-BE54-9A1E7A4F7556}") = "Tncvd.Logging.Test.Xunit", "..\Tncvd.Logging.Test.Xunit\Tncvd.Logging.Test.Xunit.csproj", "{B9CD610D-15F0-4DAB-893C-A8D14CFDECBC}"
EndProject
Project("{9A19103F-16F7-4668-BE54-9A1E7A4F7556}") = "Tncvd.Testing", "..\Tncvd.Testing\Tncvd.Testing.csproj", "{B48D1461-B76A-4205-B0F9-3174C5CBC698}"
EndProject
Project("{9A19103F-16F7-4668-BE54-9A1E7A4F7556}") = "Tncvd.AppSettings", "..\Tncvd.AppSettings\Tncvd.AppSettings.csproj", "{960EB3B7-A198-4AB2-923C-778743A040F8}"
EndProject
Project("{2150E333-8FDC-42A3-9474-1A3956D46DE8}") = "Tncvd.ReckoNotes", "Tncvd.ReckoNotes", "{3F5E06CC-A5AE-4392-B5FD-80154D023DE7}"
EndProject
Project("{9A19103F-16F7-4668-BE54-9A1E7A4F7556}") = "Tncvd.ReckoNotes", "..\Tncvd.ReckoNotes\Tncvd.ReckoNotes.csproj", "{1B9AC263-B1FD-4219-85C5-4A6D25B48845}"
EndProject
Project("{FAE04EC0-301F-11D3-BF4B-00C04F79EFBC}") = "Tncvd.ReckoNotes.WinForms", "..\Tncvd.ReckoNotes.WinForms\Tncvd.ReckoNotes.WinForms.csproj", "{ABE64E6E-3060-4AD0-A5D6-8AA742E0A08C}"
EndProject
Project("{FAE04EC0-301F-11D3-BF4B-00C04F79EFBC}") = "Tncvd.ReckoNotes.WinForms.App", "..\Tncvd.ReckoNotes.WinForms.App\Tncvd.ReckoNotes.WinForms.App.csproj", "{39BA450C-F1D9-4AA4-85EA-C90D91D54FAA}"
EndProject
Global
	GlobalSection(SolutionConfigurationPlatforms) = preSolution
		Debug|Any CPU = Debug|Any CPU
		Release|Any CPU = Release|Any CPU
	EndGlobalSection
	GlobalSection(ProjectConfigurationPlatforms) = postSolution
		{E04BDEC2-18C8-460E-B986-470B5C2A87B3}.Debug|Any CPU.ActiveCfg = Debug|Any CPU
		{E04BDEC2-18C8-460E-B986-470B5C2A87B3}.Debug|Any CPU.Build.0 = Debug|Any CPU
		{E04BDEC2-18C8-460E-B986-470B5C2A87B3}.Release|Any CPU.ActiveCfg = Release|Any CPU
		{E04BDEC2-18C8-460E-B986-470B5C2A87B3}.Release|Any CPU.Build.0 = Release|Any CPU
		{6232A280-834A-4D31-8B1E-F706C36FC40F}.Debug|Any CPU.ActiveCfg = Debug|Any CPU
		{6232A280-834A-4D31-8B1E-F706C36FC40F}.Debug|Any CPU.Build.0 = Debug|Any CPU
		{6232A280-834A-4D31-8B1E-F706C36FC40F}.Release|Any CPU.ActiveCfg = Release|Any CPU
		{6232A280-834A-4D31-8B1E-F706C36FC40F}.Release|Any CPU.Build.0 = Release|Any CPU
		{75F8C5EB-945A-451D-92EB-2D21EC9A0BB1}.Debug|Any CPU.ActiveCfg = Debug|Any CPU
		{75F8C5EB-945A-451D-92EB-2D21EC9A0BB1}.Debug|Any CPU.Build.0 = Debug|Any CPU
		{75F8C5EB-945A-451D-92EB-2D21EC9A0BB1}.Release|Any CPU.ActiveCfg = Release|Any CPU
		{75F8C5EB-945A-451D-92EB-2D21EC9A0BB1}.Release|Any CPU.Build.0 = Release|Any CPU
		{61D43F9B-09D0-4745-80E9-F89C72DAF3D7}.Debug|Any CPU.ActiveCfg = Debug|Any CPU
		{61D43F9B-09D0-4745-80E9-F89C72DAF3D7}.Debug|Any CPU.Build.0 = Debug|Any CPU
		{61D43F9B-09D0-4745-80E9-F89C72DAF3D7}.Release|Any CPU.ActiveCfg = Release|Any CPU
		{61D43F9B-09D0-4745-80E9-F89C72DAF3D7}.Release|Any CPU.Build.0 = Release|Any CPU
		{A59CBCBC-029F-49C3-B6D4-43C501518BC3}.Debug|Any CPU.ActiveCfg = Debug|Any CPU
		{A59CBCBC-029F-49C3-B6D4-43C501518BC3}.Debug|Any CPU.Build.0 = Debug|Any CPU
		{A59CBCBC-029F-49C3-B6D4-43C501518BC3}.Release|Any CPU.ActiveCfg = Release|Any CPU
		{A59CBCBC-029F-49C3-B6D4-43C501518BC3}.Release|Any CPU.Build.0 = Release|Any CPU
		{6CDD743F-735E-400B-95F6-D431B2090E3F}.Debug|Any CPU.ActiveCfg = Debug|Any CPU
		{6CDD743F-735E-400B-95F6-D431B2090E3F}.Debug|Any CPU.Build.0 = Debug|Any CPU
		{6CDD743F-735E-400B-95F6-D431B2090E3F}.Release|Any CPU.ActiveCfg = Release|Any CPU
		{6CDD743F-735E-400B-95F6-D431B2090E3F}.Release|Any CPU.Build.0 = Release|Any CPU
		{B9CD610D-15F0-4DAB-893C-A8D14CFDECBC}.Debug|Any CPU.ActiveCfg = Debug|Any CPU
		{B9CD610D-15F0-4DAB-893C-A8D14CFDECBC}.Debug|Any CPU.Build.0 = Debug|Any CPU
		{B9CD610D-15F0-4DAB-893C-A8D14CFDECBC}.Release|Any CPU.ActiveCfg = Release|Any CPU
		{B9CD610D-15F0-4DAB-893C-A8D14CFDECBC}.Release|Any CPU.Build.0 = Release|Any CPU
		{B48D1461-B76A-4205-B0F9-3174C5CBC698}.Debug|Any CPU.ActiveCfg = Debug|Any CPU
		{B48D1461-B76A-4205-B0F9-3174C5CBC698}.Debug|Any CPU.Build.0 = Debug|Any CPU
		{B48D1461-B76A-4205-B0F9-3174C5CBC698}.Release|Any CPU.ActiveCfg = Release|Any CPU
		{B48D1461-B76A-4205-B0F9-3174C5CBC698}.Release|Any CPU.Build.0 = Release|Any CPU
		{960EB3B7-A198-4AB2-923C-778743A040F8}.Debug|Any CPU.ActiveCfg = Debug|Any CPU
		{960EB3B7-A198-4AB2-923C-778743A040F8}.Debug|Any CPU.Build.0 = Debug|Any CPU
		{960EB3B7-A198-4AB2-923C-778743A040F8}.Release|Any CPU.ActiveCfg = Release|Any CPU
		{960EB3B7-A198-4AB2-923C-778743A040F8}.Release|Any CPU.Build.0 = Release|Any CPU
		{1B9AC263-B1FD-4219-85C5-4A6D25B48845}.Debug|Any CPU.ActiveCfg = Debug|Any CPU
		{1B9AC263-B1FD-4219-85C5-4A6D25B48845}.Debug|Any CPU.Build.0 = Debug|Any CPU
		{1B9AC263-B1FD-4219-85C5-4A6D25B48845}.Release|Any CPU.ActiveCfg = Release|Any CPU
		{1B9AC263-B1FD-4219-85C5-4A6D25B48845}.Release|Any CPU.Build.0 = Release|Any CPU
		{ABE64E6E-3060-4AD0-A5D6-8AA742E0A08C}.Debug|Any CPU.ActiveCfg = Debug|Any CPU
		{ABE64E6E-3060-4AD0-A5D6-8AA742E0A08C}.Debug|Any CPU.Build.0 = Debug|Any CPU
		{ABE64E6E-3060-4AD0-A5D6-8AA742E0A08C}.Release|Any CPU.ActiveCfg = Release|Any CPU
		{ABE64E6E-3060-4AD0-A5D6-8AA742E0A08C}.Release|Any CPU.Build.0 = Release|Any CPU
		{39BA450C-F1D9-4AA4-85EA-C90D91D54FAA}.Debug|Any CPU.ActiveCfg = Debug|Any CPU
		{39BA450C-F1D9-4AA4-85EA-C90D91D54FAA}.Debug|Any CPU.Build.0 = Debug|Any CPU
		{39BA450C-F1D9-4AA4-85EA-C90D91D54FAA}.Release|Any CPU.ActiveCfg = Release|Any CPU
		{39BA450C-F1D9-4AA4-85EA-C90D91D54FAA}.Release|Any CPU.Build.0 = Release|Any CPU
	EndGlobalSection
	GlobalSection(SolutionProperties) = preSolution
		HideSolutionNode = FALSE
	EndGlobalSection
	GlobalSection(NestedProjects) = preSolution
		{1B9AC263-B1FD-4219-85C5-4A6D25B48845} = {3F5E06CC-A5AE-4392-B5FD-80154D023DE7}
		{ABE64E6E-3060-4AD0-A5D6-8AA742E0A08C} = {3F5E06CC-A5AE-4392-B5FD-80154D023DE7}
		{39BA450C-F1D9-4AA4-85EA-C90D91D54FAA} = {3F5E06CC-A5AE-4392-B5FD-80154D023DE7}
	EndGlobalSection
	GlobalSection(ExtensibilityGlobals) = postSolution
		SolutionGuid = {1281E2AD-BCF6-41E1-B368-6DF4BDFFA820}
	EndGlobalSection
EndGlobal
