
Microsoft Visual Studio Solution File, Format Version 12.00
# Visual Studio Version 16
VisualStudioVersion = 16.0.30803.129
MinimumVisualStudioVersion = 10.0.40219.1
Project("{9A19103F-16F7-4668-BE54-9A1E7A4F7556}") = "SimplePasswordTool", "SimplePasswordTool.csproj", "{27DE8DC9-D8D6-4489-88DF-9E002D17B0F7}"
EndProject
Project("{9A19103F-16F7-4668-BE54-9A1E7A4F7556}") = "Logging", "..\Logging\Logging.csproj", "{AC575238-4066-4E32-AED8-D46D8AE39D45}"
EndProject
Project("{9A19103F-16F7-4668-BE54-9A1E7A4F7556}") = "Common", "..\Common\Common.csproj", "{175E4BC6-B6C2-4A3C-A2BA-912CF4FDED9C}"
EndProject
Project("{FAE04EC0-301F-11D3-BF4B-00C04F79EFBC}") = "DataAccess", "..\DataAccess\DataAccess.csproj", "{998AF52A-9663-421B-A0CD-86EEE83870B7}"
EndProject
Global
	GlobalSection(SolutionConfigurationPlatforms) = preSolution
		Debug|Any CPU = Debug|Any CPU
		Release|Any CPU = Release|Any CPU
	EndGlobalSection
	GlobalSection(ProjectConfigurationPlatforms) = postSolution
		{27DE8DC9-D8D6-4489-88DF-9E002D17B0F7}.Debug|Any CPU.ActiveCfg = Debug|Any CPU
		{27DE8DC9-D8D6-4489-88DF-9E002D17B0F7}.Debug|Any CPU.Build.0 = Debug|Any CPU
		{27DE8DC9-D8D6-4489-88DF-9E002D17B0F7}.Release|Any CPU.ActiveCfg = Release|Any CPU
		{27DE8DC9-D8D6-4489-88DF-9E002D17B0F7}.Release|Any CPU.Build.0 = Release|Any CPU
		{AC575238-4066-4E32-AED8-D46D8AE39D45}.Debug|Any CPU.ActiveCfg = Debug|Any CPU
		{AC575238-4066-4E32-AED8-D46D8AE39D45}.Debug|Any CPU.Build.0 = Debug|Any CPU
		{AC575238-4066-4E32-AED8-D46D8AE39D45}.Release|Any CPU.ActiveCfg = Release|Any CPU
		{AC575238-4066-4E32-AED8-D46D8AE39D45}.Release|Any CPU.Build.0 = Release|Any CPU
		{175E4BC6-B6C2-4A3C-A2BA-912CF4FDED9C}.Debug|Any CPU.ActiveCfg = Debug|Any CPU
		{175E4BC6-B6C2-4A3C-A2BA-912CF4FDED9C}.Debug|Any CPU.Build.0 = Debug|Any CPU
		{175E4BC6-B6C2-4A3C-A2BA-912CF4FDED9C}.Release|Any CPU.ActiveCfg = Release|Any CPU
		{175E4BC6-B6C2-4A3C-A2BA-912CF4FDED9C}.Release|Any CPU.Build.0 = Release|Any CPU
		{998AF52A-9663-421B-A0CD-86EEE83870B7}.Debug|Any CPU.ActiveCfg = Debug|Any CPU
		{998AF52A-9663-421B-A0CD-86EEE83870B7}.Debug|Any CPU.Build.0 = Debug|Any CPU
		{998AF52A-9663-421B-A0CD-86EEE83870B7}.Release|Any CPU.ActiveCfg = Release|Any CPU
		{998AF52A-9663-421B-A0CD-86EEE83870B7}.Release|Any CPU.Build.0 = Release|Any CPU
	EndGlobalSection
	GlobalSection(SolutionProperties) = preSolution
		HideSolutionNode = FALSE
	EndGlobalSection
	GlobalSection(ExtensibilityGlobals) = postSolution
		SolutionGuid = {42DBDD08-5702-4E1A-BB1D-6718E89F8D76}
	EndGlobalSection
EndGlobal
