
Microsoft Visual Studio Solution File, Format Version 12.00
# Visual Studio Version 16
VisualStudioVersion = 16.0.30803.129
MinimumVisualStudioVersion = 10.0.40219.1
Project("{9A19103F-16F7-4668-BE54-9A1E7A4F7556}") = "TncvdMisc.SimplePasswordTool.WinForms.App", "TncvdMisc.SimplePasswordTool.WinForms.App.csproj", "{27DE8DC9-D8D6-4489-88DF-9E002D17B0F7}"
EndProject
Project("{2150E333-8FDC-42A3-9474-1A3956D46DE8}") = "Tncvd", "Tncvd", "{DAC76029-5A56-4EDE-8E79-C67732DF378A}"
EndProject
Project("{9A19103F-16F7-4668-BE54-9A1E7A4F7556}") = "Tncvd.Core", "..\..\src\Tncvd.Core\Tncvd.Core.csproj", "{66D2BEF5-E89E-43ED-A3D0-02EDE88CD149}"
EndProject
Project("{9A19103F-16F7-4668-BE54-9A1E7A4F7556}") = "Tncvd.DataAccess.NoServer", "..\..\src\Tncvd.DataAccess.NoServer\Tncvd.DataAccess.NoServer.csproj", "{8851A45B-8880-487A-BEB1-87645E3A3126}"
EndProject
Project("{9A19103F-16F7-4668-BE54-9A1E7A4F7556}") = "Tncvd.Deps", "..\..\src\Tncvd.Deps\Tncvd.Deps.csproj", "{60768B08-D85D-4D23-8A51-C9508E4D9BF9}"
EndProject
Project("{9A19103F-16F7-4668-BE54-9A1E7A4F7556}") = "Tncvd.Logging", "..\..\src\Tncvd.Logging\Tncvd.Logging.csproj", "{EB2DFDA5-D158-443F-88A1-894215489647}"
EndProject
Project("{9A19103F-16F7-4668-BE54-9A1E7A4F7556}") = "Tncvd.Test", "..\..\src\Tncvd.Test\Tncvd.Test.csproj", "{F57B6A52-FF22-42A5-884A-8C3CB7DA2ACB}"
EndProject
Project("{9A19103F-16F7-4668-BE54-9A1E7A4F7556}") = "Tncvd.Test.Xunit", "..\..\src\Tncvd.Test.Xunit\Tncvd.Test.Xunit.csproj", "{460194E6-C68F-471F-B00F-A064CFBA6642}"
EndProject
Global
	GlobalSection(SolutionConfigurationPlatforms) = preSolution
		Debug|Any CPU = Debug|Any CPU
		Release|Any CPU = Release|Any CPU
	EndGlobalSection
	GlobalSection(ProjectConfigurationPlatforms) = postSolution
		{27DE8DC9-D8D6-4489-88DF-9E002D17B0F7}.Debug|Any CPU.ActiveCfg = Debug|Any CPU
		{27DE8DC9-D8D6-4489-88DF-9E002D17B0F7}.Debug|Any CPU.Build.0 = Debug|Any CPU
		{27DE8DC9-D8D6-4489-88DF-9E002D17B0F7}.Release|Any CPU.ActiveCfg = Release|Any CPU
		{27DE8DC9-D8D6-4489-88DF-9E002D17B0F7}.Release|Any CPU.Build.0 = Release|Any CPU
		{66D2BEF5-E89E-43ED-A3D0-02EDE88CD149}.Debug|Any CPU.ActiveCfg = Debug|Any CPU
		{66D2BEF5-E89E-43ED-A3D0-02EDE88CD149}.Debug|Any CPU.Build.0 = Debug|Any CPU
		{66D2BEF5-E89E-43ED-A3D0-02EDE88CD149}.Release|Any CPU.ActiveCfg = Release|Any CPU
		{66D2BEF5-E89E-43ED-A3D0-02EDE88CD149}.Release|Any CPU.Build.0 = Release|Any CPU
		{8851A45B-8880-487A-BEB1-87645E3A3126}.Debug|Any CPU.ActiveCfg = Debug|Any CPU
		{8851A45B-8880-487A-BEB1-87645E3A3126}.Debug|Any CPU.Build.0 = Debug|Any CPU
		{8851A45B-8880-487A-BEB1-87645E3A3126}.Release|Any CPU.ActiveCfg = Release|Any CPU
		{8851A45B-8880-487A-BEB1-87645E3A3126}.Release|Any CPU.Build.0 = Release|Any CPU
		{60768B08-D85D-4D23-8A51-C9508E4D9BF9}.Debug|Any CPU.ActiveCfg = Debug|Any CPU
		{60768B08-D85D-4D23-8A51-C9508E4D9BF9}.Debug|Any CPU.Build.0 = Debug|Any CPU
		{60768B08-D85D-4D23-8A51-C9508E4D9BF9}.Release|Any CPU.ActiveCfg = Release|Any CPU
		{60768B08-D85D-4D23-8A51-C9508E4D9BF9}.Release|Any CPU.Build.0 = Release|Any CPU
		{EB2DFDA5-D158-443F-88A1-894215489647}.Debug|Any CPU.ActiveCfg = Debug|Any CPU
		{EB2DFDA5-D158-443F-88A1-894215489647}.Debug|Any CPU.Build.0 = Debug|Any CPU
		{EB2DFDA5-D158-443F-88A1-894215489647}.Release|Any CPU.ActiveCfg = Release|Any CPU
		{EB2DFDA5-D158-443F-88A1-894215489647}.Release|Any CPU.Build.0 = Release|Any CPU
		{F57B6A52-FF22-42A5-884A-8C3CB7DA2ACB}.Debug|Any CPU.ActiveCfg = Debug|Any CPU
		{F57B6A52-FF22-42A5-884A-8C3CB7DA2ACB}.Debug|Any CPU.Build.0 = Debug|Any CPU
		{F57B6A52-FF22-42A5-884A-8C3CB7DA2ACB}.Release|Any CPU.ActiveCfg = Release|Any CPU
		{F57B6A52-FF22-42A5-884A-8C3CB7DA2ACB}.Release|Any CPU.Build.0 = Release|Any CPU
		{460194E6-C68F-471F-B00F-A064CFBA6642}.Debug|Any CPU.ActiveCfg = Debug|Any CPU
		{460194E6-C68F-471F-B00F-A064CFBA6642}.Debug|Any CPU.Build.0 = Debug|Any CPU
		{460194E6-C68F-471F-B00F-A064CFBA6642}.Release|Any CPU.ActiveCfg = Release|Any CPU
		{460194E6-C68F-471F-B00F-A064CFBA6642}.Release|Any CPU.Build.0 = Release|Any CPU
	EndGlobalSection
	GlobalSection(SolutionProperties) = preSolution
		HideSolutionNode = FALSE
	EndGlobalSection
	GlobalSection(NestedProjects) = preSolution
		{66D2BEF5-E89E-43ED-A3D0-02EDE88CD149} = {DAC76029-5A56-4EDE-8E79-C67732DF378A}
		{8851A45B-8880-487A-BEB1-87645E3A3126} = {DAC76029-5A56-4EDE-8E79-C67732DF378A}
		{60768B08-D85D-4D23-8A51-C9508E4D9BF9} = {DAC76029-5A56-4EDE-8E79-C67732DF378A}
		{EB2DFDA5-D158-443F-88A1-894215489647} = {DAC76029-5A56-4EDE-8E79-C67732DF378A}
		{F57B6A52-FF22-42A5-884A-8C3CB7DA2ACB} = {DAC76029-5A56-4EDE-8E79-C67732DF378A}
		{460194E6-C68F-471F-B00F-A064CFBA6642} = {DAC76029-5A56-4EDE-8E79-C67732DF378A}
	EndGlobalSection
	GlobalSection(ExtensibilityGlobals) = postSolution
		SolutionGuid = {42DBDD08-5702-4E1A-BB1D-6718E89F8D76}
	EndGlobalSection
EndGlobal
