
Microsoft Visual Studio Solution File, Format Version 12.00
# Visual Studio Version 16
VisualStudioVersion = 16.0.30803.129
MinimumVisualStudioVersion = 10.0.40219.1
Project("{9A19103F-16F7-4668-BE54-9A1E7A4F7556}") = "TncvdMisc.SimplePasswordTool.WinForms.App", "TncvdMisc.SimplePasswordTool.WinForms.App.csproj", "{27DE8DC9-D8D6-4489-88DF-9E002D17B0F7}"
EndProject
Project("{2150E333-8FDC-42A3-9474-1A3956D46DE8}") = "Turmenic", "Turmenic", "{DAC76029-5A56-4EDE-8E79-C67732DF378A}"
EndProject
Project("{9A19103F-16F7-4668-BE54-9A1E7A4F7556}") = "Turmenic.Core", "..\..\src\Turmenic.Core\Turmenic.Core.csproj", "{FF1FFA69-582B-4266-9F70-A227F6FB6165}"
EndProject
Project("{9A19103F-16F7-4668-BE54-9A1E7A4F7556}") = "Turmenic.DataAccess.VelocityDb", "..\..\src\Turmenic.DataAccess.VelocityDb\Turmenic.DataAccess.VelocityDb.csproj", "{3DEB83FC-B78F-4DFB-8BE8-F932C23D1740}"
EndProject
Project("{9A19103F-16F7-4668-BE54-9A1E7A4F7556}") = "Turmenic.Deps", "..\..\src\Turmenic.Deps\Turmenic.Deps.csproj", "{751E9E7E-FFFE-4268-9218-62C95B7FA702}"
EndProject
Project("{9A19103F-16F7-4668-BE54-9A1E7A4F7556}") = "Turmenic.Logging", "..\..\src\Turmenic.Logging\Turmenic.Logging.csproj", "{11E4D341-B4FA-43D9-A2C8-A53E411DEFD4}"
EndProject
Project("{9A19103F-16F7-4668-BE54-9A1E7A4F7556}") = "Turmenic.Test", "..\..\src\Turmenic.Test\Turmenic.Test.csproj", "{D9AA7F9B-6323-4276-8ECB-F684FC879CB7}"
EndProject
Project("{9A19103F-16F7-4668-BE54-9A1E7A4F7556}") = "Turmenic.Test.Xunit", "..\..\src\Turmenic.Test.Xunit\Turmenic.Test.Xunit.csproj", "{4F352238-1470-47F1-9B15-ADF407615217}"
EndProject
Global
	GlobalSection(SolutionConfigurationPlatforms) = preSolution
		Debug|Any CPU = Debug|Any CPU
		Release|Any CPU = Release|Any CPU
	EndGlobalSection
	GlobalSection(ProjectConfigurationPlatforms) = postSolution
		{27DE8DC9-D8D6-4489-88DF-9E002D17B0F7}.Debug|Any CPU.ActiveCfg = Debug|Any CPU
		{27DE8DC9-D8D6-4489-88DF-9E002D17B0F7}.Debug|Any CPU.Build.0 = Debug|Any CPU
		{27DE8DC9-D8D6-4489-88DF-9E002D17B0F7}.Release|Any CPU.ActiveCfg = Release|Any CPU
		{27DE8DC9-D8D6-4489-88DF-9E002D17B0F7}.Release|Any CPU.Build.0 = Release|Any CPU
		{FF1FFA69-582B-4266-9F70-A227F6FB6165}.Debug|Any CPU.ActiveCfg = Debug|Any CPU
		{FF1FFA69-582B-4266-9F70-A227F6FB6165}.Debug|Any CPU.Build.0 = Debug|Any CPU
		{FF1FFA69-582B-4266-9F70-A227F6FB6165}.Release|Any CPU.ActiveCfg = Release|Any CPU
		{FF1FFA69-582B-4266-9F70-A227F6FB6165}.Release|Any CPU.Build.0 = Release|Any CPU
		{3DEB83FC-B78F-4DFB-8BE8-F932C23D1740}.Debug|Any CPU.ActiveCfg = Debug|Any CPU
		{3DEB83FC-B78F-4DFB-8BE8-F932C23D1740}.Debug|Any CPU.Build.0 = Debug|Any CPU
		{3DEB83FC-B78F-4DFB-8BE8-F932C23D1740}.Release|Any CPU.ActiveCfg = Release|Any CPU
		{3DEB83FC-B78F-4DFB-8BE8-F932C23D1740}.Release|Any CPU.Build.0 = Release|Any CPU
		{751E9E7E-FFFE-4268-9218-62C95B7FA702}.Debug|Any CPU.ActiveCfg = Debug|Any CPU
		{751E9E7E-FFFE-4268-9218-62C95B7FA702}.Debug|Any CPU.Build.0 = Debug|Any CPU
		{751E9E7E-FFFE-4268-9218-62C95B7FA702}.Release|Any CPU.ActiveCfg = Release|Any CPU
		{751E9E7E-FFFE-4268-9218-62C95B7FA702}.Release|Any CPU.Build.0 = Release|Any CPU
		{11E4D341-B4FA-43D9-A2C8-A53E411DEFD4}.Debug|Any CPU.ActiveCfg = Debug|Any CPU
		{11E4D341-B4FA-43D9-A2C8-A53E411DEFD4}.Debug|Any CPU.Build.0 = Debug|Any CPU
		{11E4D341-B4FA-43D9-A2C8-A53E411DEFD4}.Release|Any CPU.ActiveCfg = Release|Any CPU
		{11E4D341-B4FA-43D9-A2C8-A53E411DEFD4}.Release|Any CPU.Build.0 = Release|Any CPU
		{D9AA7F9B-6323-4276-8ECB-F684FC879CB7}.Debug|Any CPU.ActiveCfg = Debug|Any CPU
		{D9AA7F9B-6323-4276-8ECB-F684FC879CB7}.Debug|Any CPU.Build.0 = Debug|Any CPU
		{D9AA7F9B-6323-4276-8ECB-F684FC879CB7}.Release|Any CPU.ActiveCfg = Release|Any CPU
		{D9AA7F9B-6323-4276-8ECB-F684FC879CB7}.Release|Any CPU.Build.0 = Release|Any CPU
		{4F352238-1470-47F1-9B15-ADF407615217}.Debug|Any CPU.ActiveCfg = Debug|Any CPU
		{4F352238-1470-47F1-9B15-ADF407615217}.Debug|Any CPU.Build.0 = Debug|Any CPU
		{4F352238-1470-47F1-9B15-ADF407615217}.Release|Any CPU.ActiveCfg = Release|Any CPU
		{4F352238-1470-47F1-9B15-ADF407615217}.Release|Any CPU.Build.0 = Release|Any CPU
	EndGlobalSection
	GlobalSection(SolutionProperties) = preSolution
		HideSolutionNode = FALSE
	EndGlobalSection
	GlobalSection(NestedProjects) = preSolution
		{FF1FFA69-582B-4266-9F70-A227F6FB6165} = {DAC76029-5A56-4EDE-8E79-C67732DF378A}
		{3DEB83FC-B78F-4DFB-8BE8-F932C23D1740} = {DAC76029-5A56-4EDE-8E79-C67732DF378A}
		{751E9E7E-FFFE-4268-9218-62C95B7FA702} = {DAC76029-5A56-4EDE-8E79-C67732DF378A}
		{11E4D341-B4FA-43D9-A2C8-A53E411DEFD4} = {DAC76029-5A56-4EDE-8E79-C67732DF378A}
		{D9AA7F9B-6323-4276-8ECB-F684FC879CB7} = {DAC76029-5A56-4EDE-8E79-C67732DF378A}
		{4F352238-1470-47F1-9B15-ADF407615217} = {DAC76029-5A56-4EDE-8E79-C67732DF378A}
	EndGlobalSection
	GlobalSection(ExtensibilityGlobals) = postSolution
		SolutionGuid = {42DBDD08-5702-4E1A-BB1D-6718E89F8D76}
	EndGlobalSection
EndGlobal
